{
    "name": "@paperbits/styles",
    "version": "0.1.73",
    "lockfileVersion": 1,
    "requires": true,
    "dependencies": {
        "mime-db": {
            "version": "1.38.0",
            "resolved": "https://registry.npmjs.org/mime-db/-/mime-db-1.38.0.tgz",
            "integrity": "sha512-bqVioMFFzc2awcdJZIzR3HjZFX20QhilVS7hytkKrv7xFAn8bM1gzc/FOX2awLISvWe0PV8ptFKcon+wZ5qYkg=="
        },
        "mime-types": {
            "version": "2.1.22",
            "resolved": "https://registry.npmjs.org/mime-types/-/mime-types-2.1.22.tgz",
            "integrity": "sha512-aGl6TZGnhm/li6F7yx82bJiBZwgiEa4Hf6CNr8YO+r5UHr53tSTYZb102zyU50DOWWKeOv0uQLRL0/9EiKWCog==",
            "requires": {
                "mime-db": "~1.38.0"
            }
        }
    }
}
